
Microsoft Visual Studio Solution File, Format Version 12.00
Project("{FAE04EC0-301F-11D3-BF4B-00C04F79EFBC}") = "BankDepositsApplication", "BankDepositsApplication\BankDepositsApplication.csproj", "{50A648BA-B9E1-40AA-BBE2-20AF738730F7}"
EndProject
Global
	GlobalSection(SolutionConfigurationPlatforms) = preSolution
		Debug|Any CPU = Debug|Any CPU
		Release|Any CPU = Release|Any CPU
	EndGlobalSection
	GlobalSection(ProjectConfigurationPlatforms) = postSolution
		{50A648BA-B9E1-40AA-BBE2-20AF738730F7}.Debug|Any CPU.ActiveCfg = Debug|Any CPU
		{50A648BA-B9E1-40AA-BBE2-20AF738730F7}.Debug|Any CPU.Build.0 = Debug|Any CPU
		{50A648BA-B9E1-40AA-BBE2-20AF738730F7}.Release|Any CPU.ActiveCfg = Release|Any CPU
		{50A648BA-B9E1-40AA-BBE2-20AF738730F7}.Release|Any CPU.Build.0 = Release|Any CPU
	EndGlobalSection
EndGlobal
